{
  "R": {
    "Version": "4.5.0"
  },
  "Packages": {
    "dplyr": {
      "Package": "dplyr",
      "Version": "1.1.4",
      "Source": "CRAN"
    },
    "here": {
      "Package": "here",
      "Version": "1.0.1",
      "Source": "CRAN"
    },
    "leaflet": {
      "Package": "leaflet",
      "Version": "2.2.2",
      "Source": "CRAN"
    },
    "plotly": {
      "Package": "plotly",
      "Version": "4.10.4",
      "Source": "CRAN"
    },
    "purrr": {
      "Package": "purrr",
      "Version": "1.0.2",
      "Source": "CRAN"
    },
    "readr": {
      "Package": "readr",
      "Version": "2.1.5",
      "Source": "CRAN"
    },
    "readxl": {
      "Package": "readxl",
      "Version": "1.4.3",
      "Source": "CRAN"
    },
    "shiny": {
      "Package": "shiny",
      "Version": "1.9.1",
      "Source": "CRAN"
    },
    "tibble": {
      "Package": "tibble",
      "Version": "3.2.1",
      "Source": "CRAN"
    },
    "tidyr": {
      "Package": "tidyr",
      "Version": "1.3.1",
      "Source": "CRAN"
    }
  }
}
